
Microsoft Visual Studio Solution File, Format Version 12.00
# Visual Studio 2013
VisualStudioVersion = 12.0.21005.1
MinimumVisualStudioVersion = 10.0.40219.1
Project("{FAE04EC0-301F-11D3-BF4B-00C04F79EFBC}") = "Spys", "Spys\Spys.csproj", "{ADE7829A-BDAD-4DFB-9C1C-9AF1146DD5BB}"
EndProject
Global
	GlobalSection(SolutionConfigurationPlatforms) = preSolution
		Debug|Any CPU = Debug|Any CPU
		Release|Any CPU = Release|Any CPU
	EndGlobalSection
	GlobalSection(ProjectConfigurationPlatforms) = postSolution
		{ADE7829A-BDAD-4DFB-9C1C-9AF1146DD5BB}.Debug|Any CPU.ActiveCfg = Debug|Any CPU
		{ADE7829A-BDAD-4DFB-9C1C-9AF1146DD5BB}.Debug|Any CPU.Build.0 = Debug|Any CPU
		{ADE7829A-BDAD-4DFB-9C1C-9AF1146DD5BB}.Release|Any CPU.ActiveCfg = Release|Any CPU
		{ADE7829A-BDAD-4DFB-9C1C-9AF1146DD5BB}.Release|Any CPU.Build.0 = Release|Any CPU
	EndGlobalSection
	GlobalSection(SolutionProperties) = preSolution
		HideSolutionNode = FALSE
	EndGlobalSection
EndGlobal
